
Microsoft Visual Studio Solution File, Format Version 12.00
# Visual Studio 15
Project("{FAE04EC0-301F-11D3-BF4B-00C04F79EFBC}") = "Assembly-CSharp", "Assembly-CSharp.csproj", "{8B7E95AB-AD30-D975-88BC-6A37E4A1FAA2}"
EndProject
Project("{9A19103F-16F7-4668-BE54-9A1E7A4F7556}") = "SolarPlayground", "SolarPlayground\SolarPlayground.csproj", "{52CA709E-85F7-4857-B028-7B207C944BF0}"
EndProject
Project("{FAE04EC0-301F-11D3-BF4B-00C04F79EFBC}") = "SolarConquestIntegrationTests", "SolarConquestIntegrationTests\SolarConquestIntegrationTests.csproj", "{6B97B39F-561B-4DAB-971B-B833694A380D}"
EndProject
Project("{FAE04EC0-301F-11D3-BF4B-00C04F79EFBC}") = "SolarConquestUnitTests", "SolarConquestUnitTests\SolarConquestUnitTests.csproj", "{E65E397D-661A-42C8-9A7F-84A24CBE2E28}"
EndProject
Global
	GlobalSection(SolutionConfigurationPlatforms) = preSolution
		Debug|Any CPU = Debug|Any CPU
		Release|Any CPU = Release|Any CPU
	EndGlobalSection
	GlobalSection(ProjectConfigurationPlatforms) = postSolution
		{8B7E95AB-AD30-D975-88BC-6A37E4A1FAA2}.Debug|Any CPU.ActiveCfg = Debug|Any CPU
		{8B7E95AB-AD30-D975-88BC-6A37E4A1FAA2}.Debug|Any CPU.Build.0 = Debug|Any CPU
		{8B7E95AB-AD30-D975-88BC-6A37E4A1FAA2}.Release|Any CPU.ActiveCfg = Release|Any CPU
		{8B7E95AB-AD30-D975-88BC-6A37E4A1FAA2}.Release|Any CPU.Build.0 = Release|Any CPU
		{52CA709E-85F7-4857-B028-7B207C944BF0}.Debug|Any CPU.ActiveCfg = Debug|Any CPU
		{52CA709E-85F7-4857-B028-7B207C944BF0}.Debug|Any CPU.Build.0 = Debug|Any CPU
		{52CA709E-85F7-4857-B028-7B207C944BF0}.Release|Any CPU.ActiveCfg = Release|Any CPU
		{52CA709E-85F7-4857-B028-7B207C944BF0}.Release|Any CPU.Build.0 = Release|Any CPU
		{6B97B39F-561B-4DAB-971B-B833694A380D}.Debug|Any CPU.ActiveCfg = Debug|Any CPU
		{6B97B39F-561B-4DAB-971B-B833694A380D}.Debug|Any CPU.Build.0 = Debug|Any CPU
		{6B97B39F-561B-4DAB-971B-B833694A380D}.Release|Any CPU.ActiveCfg = Release|Any CPU
		{6B97B39F-561B-4DAB-971B-B833694A380D}.Release|Any CPU.Build.0 = Release|Any CPU
		{E65E397D-661A-42C8-9A7F-84A24CBE2E28}.Debug|Any CPU.ActiveCfg = Debug|Any CPU
		{E65E397D-661A-42C8-9A7F-84A24CBE2E28}.Debug|Any CPU.Build.0 = Debug|Any CPU
		{E65E397D-661A-42C8-9A7F-84A24CBE2E28}.Release|Any CPU.ActiveCfg = Release|Any CPU
		{E65E397D-661A-42C8-9A7F-84A24CBE2E28}.Release|Any CPU.Build.0 = Release|Any CPU
	EndGlobalSection
	GlobalSection(SolutionProperties) = preSolution
		HideSolutionNode = FALSE
	EndGlobalSection
EndGlobal
